
Microsoft Visual Studio Solution File, Format Version 12.00
# Visual Studio Version 16
VisualStudioVersion = 16.0.30413.136
MinimumVisualStudioVersion = 10.0.40219.1
Project("{FAE04EC0-301F-11D3-BF4B-00C04F79EFBC}") = "SupportTicket", "SupportTicket\SupportTicket.csproj", "{927417EB-7C80-4D66-A1BA-19E2DF8A5545}"
EndProject
Global
	GlobalSection(SolutionConfigurationPlatforms) = preSolution
		Debug|Any CPU = Debug|Any CPU
		Release|Any CPU = Release|Any CPU
	EndGlobalSection
	GlobalSection(ProjectConfigurationPlatforms) = postSolution
		{927417EB-7C80-4D66-A1BA-19E2DF8A5545}.Debug|Any CPU.ActiveCfg = Debug|Any CPU
		{927417EB-7C80-4D66-A1BA-19E2DF8A5545}.Debug|Any CPU.Build.0 = Debug|Any CPU
		{927417EB-7C80-4D66-A1BA-19E2DF8A5545}.Release|Any CPU.ActiveCfg = Release|Any CPU
		{927417EB-7C80-4D66-A1BA-19E2DF8A5545}.Release|Any CPU.Build.0 = Release|Any CPU
	EndGlobalSection
	GlobalSection(SolutionProperties) = preSolution
		HideSolutionNode = FALSE
	EndGlobalSection
	GlobalSection(ExtensibilityGlobals) = postSolution
		SolutionGuid = {5A0DA683-CF65-41ED-925B-FBD104F46813}
	EndGlobalSection
EndGlobal
